
Microsoft Visual Studio Solution File, Format Version 12.00
# Visual Studio Version 17
VisualStudioVersion = 17.8.34330.188
MinimumVisualStudioVersion = 10.0.40219.1
Project("{FAE04EC0-301F-11D3-BF4B-00C04F79EFBC}") = "DosyaIslemOrnek2", "DosyaIslemOrnek2\DosyaIslemOrnek2.csproj", "{094BB011-29F9-43EF-9BB5-21EC11A31357}"
EndProject
Global
	GlobalSection(SolutionConfigurationPlatforms) = preSolution
		Debug|Any CPU = Debug|Any CPU
		Release|Any CPU = Release|Any CPU
	EndGlobalSection
	GlobalSection(ProjectConfigurationPlatforms) = postSolution
		{094BB011-29F9-43EF-9BB5-21EC11A31357}.Debug|Any CPU.ActiveCfg = Debug|Any CPU
		{094BB011-29F9-43EF-9BB5-21EC11A31357}.Debug|Any CPU.Build.0 = Debug|Any CPU
		{094BB011-29F9-43EF-9BB5-21EC11A31357}.Release|Any CPU.ActiveCfg = Release|Any CPU
		{094BB011-29F9-43EF-9BB5-21EC11A31357}.Release|Any CPU.Build.0 = Release|Any CPU
	EndGlobalSection
	GlobalSection(SolutionProperties) = preSolution
		HideSolutionNode = FALSE
	EndGlobalSection
	GlobalSection(ExtensibilityGlobals) = postSolution
		SolutionGuid = {61C3F961-6060-4CAF-8BBC-E4785A8C9E56}
	EndGlobalSection
EndGlobal
